{
    "version": 3,
    "terraform_version": "0.11.13",
    "serial": 9,
    "lineage": "35258bc5-3aba-0e7c-64c2-b411b4f307cc",
    "modules": [
        {
            "path": [
                "root"
            ],
            "outputs": {},
            "resources": {
                "aws_instance.example_instance": {
                    "type": "aws_instance",
                    "depends_on": [],
                    "primary": {
                        "id": "i-05f5915384f3aff43",
                        "attributes": {
                            "ami": "ami-0ccea833bf267252a",
                            "arn": "arn:aws:ec2:us-west-2:332970150689:instance/i-05f5915384f3aff43",
                            "associate_public_ip_address": "true",
                            "availability_zone": "us-west-2a",
                            "cpu_core_count": "1",
                            "cpu_threads_per_core": "1",
                            "credit_specification.#": "1",
                            "credit_specification.0.cpu_credits": "standard",
                            "disable_api_termination": "false",
                            "ebs_block_device.#": "0",
                            "ebs_optimized": "false",
                            "ephemeral_block_device.#": "0",
                            "get_password_data": "false",
                            "hibernation": "false",
                            "iam_instance_profile": "",
                            "id": "i-05f5915384f3aff43",
                            "instance_state": "running",
                            "instance_type": "t2.micro",
                            "ipv6_address_count": "0",
                            "ipv6_addresses.#": "0",
                            "key_name": "",
                            "metadata_options.#": "1",
                            "metadata_options.0.http_endpoint": "enabled",
                            "metadata_options.0.http_put_response_hop_limit": "2",
                            "metadata_options.0.http_tokens": "required",
                            "monitoring": "false",
                            "network_interface.#": "0",
                            "outpost_arn": "",
                            "password_data": "",
                            "placement_group": "",
                            "primary_network_interface_id": "eni-05fad780a5b9d5238",
                            "private_dns": "ip-172-31-19-134.us-west-2.compute.internal",
                            "private_ip": "172.31.19.134",
                            "public_dns": "ec2-34-219-16-218.us-west-2.compute.amazonaws.com",
                            "public_ip": "34.219.16.218",
                            "root_block_device.#": "1",
                            "root_block_device.0.delete_on_termination": "true",
                            "root_block_device.0.device_name": "/dev/xvda",
                            "root_block_device.0.encrypted": "false",
                            "root_block_device.0.iops": "100",
                            "root_block_device.0.kms_key_id": "",
                            "root_block_device.0.volume_id": "vol-0724f0d16b87b7ea0",
                            "root_block_device.0.volume_size": "8",
                            "root_block_device.0.volume_type": "gp2",
                            "security_groups.#": "1",
                            "security_groups.3814588639": "default",
                            "source_dest_check": "true",
                            "subnet_id": "subnet-075ddb86d596c24c5",
                            "tags.%": "1",
                            "tags.purpose": "Assignment",
                            "tenancy": "default",
                            "volume_tags.%": "0",
                            "vpc_security_group_ids.#": "1",
                            "vpc_security_group_ids.2686228581": "sg-0c06dedadb8c86174"
                        },
                        "meta": {
                            "e2bfb730-ecaa-11e6-8f88-34363bc7c4c0": {
                                "create": 600000000000,
                                "delete": 1200000000000,
                                "update": 600000000000
                            },
                            "schema_version": "1"
                        },
                        "tainted": false
                    },
                    "deposed": [],
                    "provider": "provider.aws"
                },
                "aws_vpc.mvpc": {
                    "type": "aws_vpc",
                    "depends_on": [],
                    "primary": {
                        "id": "vpc-0cfe061f8d23dbb0f",
                        "attributes": {
                            "arn": "arn:aws:ec2:us-west-2:332970150689:vpc/vpc-0cfe061f8d23dbb0f",
                            "assign_generated_ipv6_cidr_block": "false",
                            "cidr_block": "172.19.0.0/16",
                            "default_network_acl_id": "acl-0042c46487b135821",
                            "default_route_table_id": "rtb-067d027aa11293d43",
                            "default_security_group_id": "sg-0873f13da6030ee23",
                            "dhcp_options_id": "dopt-0a5105b35dd7c0b77",
                            "enable_classiclink": "false",
                            "enable_classiclink_dns_support": "false",
                            "enable_dns_hostnames": "false",
                            "enable_dns_support": "true",
                            "id": "vpc-0cfe061f8d23dbb0f",
                            "instance_tenancy": "default",
                            "ipv6_association_id": "",
                            "ipv6_cidr_block": "",
                            "main_route_table_id": "rtb-067d027aa11293d43",
                            "owner_id": "332970150689",
                            "tags.%": "1",
                            "tags.Name": "vpc1"
                        },
                        "meta": {
                            "schema_version": "1"
                        },
                        "tainted": false
                    },
                    "deposed": [],
                    "provider": "provider.aws"
                }
            },
            "depends_on": []
        }
    ]
}
